
Microsoft Visual Studio Solution File, Format Version 12.00
# Visual Studio Version 17
VisualStudioVersion = 17.1.32228.430
MinimumVisualStudioVersion = 10.0.40219.1
Project("{FAE04EC0-301F-11D3-BF4B-00C04F79EFBC}") = "AuthenticationApi", "AuthenticationApi\AuthenticationApi.csproj", "{C054DF3F-9E22-4534-9F1F-FE405C919A3F}"
EndProject
Global
	GlobalSection(SolutionConfigurationPlatforms) = preSolution
		Debug|Any CPU = Debug|Any CPU
		Release|Any CPU = Release|Any CPU
	EndGlobalSection
	GlobalSection(ProjectConfigurationPlatforms) = postSolution
		{C054DF3F-9E22-4534-9F1F-FE405C919A3F}.Debug|Any CPU.ActiveCfg = Debug|Any CPU
		{C054DF3F-9E22-4534-9F1F-FE405C919A3F}.Debug|Any CPU.Build.0 = Debug|Any CPU
		{C054DF3F-9E22-4534-9F1F-FE405C919A3F}.Release|Any CPU.ActiveCfg = Release|Any CPU
		{C054DF3F-9E22-4534-9F1F-FE405C919A3F}.Release|Any CPU.Build.0 = Release|Any CPU
	EndGlobalSection
	GlobalSection(SolutionProperties) = preSolution
		HideSolutionNode = FALSE
	EndGlobalSection
	GlobalSection(ExtensibilityGlobals) = postSolution
		SolutionGuid = {19FF7457-A058-4B2C-BF46-7EFDB61F7C9A}
	EndGlobalSection
EndGlobal
