
Microsoft Visual Studio Solution File, Format Version 12.00
# Visual Studio Version 17
VisualStudioVersion = 17.1.32228.430
MinimumVisualStudioVersion = 10.0.40219.1
Project("{FAE04EC0-301F-11D3-BF4B-00C04F79EFBC}") = "InformerReportTest", "InformerReportTest\InformerReportTest.csproj", "{CE0F7BF7-FB71-4232-9A48-7CE089BFD88E}"
EndProject
Project("{9A19103F-16F7-4668-BE54-9A1E7A4F7556}") = "InformerReport", "..\InformerReport\InformerReport\InformerReport.csproj", "{52F6833D-3BD5-44D0-9452-9A6EA250A8F9}"
EndProject
Global
	GlobalSection(SolutionConfigurationPlatforms) = preSolution
		Debug|Any CPU = Debug|Any CPU
		Release|Any CPU = Release|Any CPU
	EndGlobalSection
	GlobalSection(ProjectConfigurationPlatforms) = postSolution
		{CE0F7BF7-FB71-4232-9A48-7CE089BFD88E}.Debug|Any CPU.ActiveCfg = Debug|Any CPU
		{CE0F7BF7-FB71-4232-9A48-7CE089BFD88E}.Debug|Any CPU.Build.0 = Debug|Any CPU
		{CE0F7BF7-FB71-4232-9A48-7CE089BFD88E}.Release|Any CPU.ActiveCfg = Release|Any CPU
		{CE0F7BF7-FB71-4232-9A48-7CE089BFD88E}.Release|Any CPU.Build.0 = Release|Any CPU
		{52F6833D-3BD5-44D0-9452-9A6EA250A8F9}.Debug|Any CPU.ActiveCfg = Debug|Any CPU
		{52F6833D-3BD5-44D0-9452-9A6EA250A8F9}.Debug|Any CPU.Build.0 = Debug|Any CPU
		{52F6833D-3BD5-44D0-9452-9A6EA250A8F9}.Release|Any CPU.ActiveCfg = Release|Any CPU
		{52F6833D-3BD5-44D0-9452-9A6EA250A8F9}.Release|Any CPU.Build.0 = Release|Any CPU
	EndGlobalSection
	GlobalSection(SolutionProperties) = preSolution
		HideSolutionNode = FALSE
	EndGlobalSection
	GlobalSection(ExtensibilityGlobals) = postSolution
		SolutionGuid = {ED545B42-6AD5-430F-9FB1-7D070071C532}
	EndGlobalSection
EndGlobal
